
Microsoft Visual Studio Solution File, Format Version 12.00
# Visual Studio Version 17
VisualStudioVersion = 17.4.33110.190
MinimumVisualStudioVersion = 10.0.40219.1
Project("{FAE04EC0-301F-11D3-BF4B-00C04F79EFBC}") = "HW_modul_03_part_01", "HW_modul_03_part_01\HW_modul_03_part_01.csproj", "{4DB50D0F-01C7-428E-A28C-1D8C95D4FFBA}"
EndProject
Global
	GlobalSection(SolutionConfigurationPlatforms) = preSolution
		Debug|Any CPU = Debug|Any CPU
		Release|Any CPU = Release|Any CPU
	EndGlobalSection
	GlobalSection(ProjectConfigurationPlatforms) = postSolution
		{4DB50D0F-01C7-428E-A28C-1D8C95D4FFBA}.Debug|Any CPU.ActiveCfg = Debug|Any CPU
		{4DB50D0F-01C7-428E-A28C-1D8C95D4FFBA}.Debug|Any CPU.Build.0 = Debug|Any CPU
		{4DB50D0F-01C7-428E-A28C-1D8C95D4FFBA}.Release|Any CPU.ActiveCfg = Release|Any CPU
		{4DB50D0F-01C7-428E-A28C-1D8C95D4FFBA}.Release|Any CPU.Build.0 = Release|Any CPU
	EndGlobalSection
	GlobalSection(SolutionProperties) = preSolution
		HideSolutionNode = FALSE
	EndGlobalSection
	GlobalSection(ExtensibilityGlobals) = postSolution
		SolutionGuid = {C85ECA58-D996-4B2E-891F-C48133F38486}
	EndGlobalSection
EndGlobal
